// !$*UTF8*$!
{
	archiveVersion = 1;
	classes = {
	};
	objectVersion = 56;
	objects = {

/* Begin PBXBuildFile section */
		8446D2932D5AF79900631302 /* RecipeListView.swift in Sources */ = {isa = PBXBuildFile; fileRef = 8446D2922D5AF79900631302 /* RecipeListView.swift */; };
		84B0F6C62D820C7700BEA83D /* EmptyStateView.swift in Sources */ = {isa = PBXBuildFile; fileRef = 84B0F6C42D820C7700BEA83D /* EmptyStateView.swift */; };
		84B0F6C72D820C7700BEA83D /* ErrorView.swift in Sources */ = {isa = PBXBuildFile; fileRef = 84B0F6C52D820C7700BEA83D /* ErrorView.swift */; };
		84B6D32F2D488664009D8ECC /* FetchTakeHomeProjectApp.swift in Sources */ = {isa = PBXBuildFile; fileRef = 84B6D32E2D488664009D8ECC /* FetchTakeHomeProjectApp.swift */; };
		84B6D3312D488664009D8ECC /* RecipeItemView.swift in Sources */ = {isa = PBXBuildFile; fileRef = 84B6D3302D488664009D8ECC /* RecipeItemView.swift */; };
		84B6D3332D488667009D8ECC /* Assets.xcassets in Resources */ = {isa = PBXBuildFile; fileRef = 84B6D3322D488667009D8ECC /* Assets.xcassets */; };
		84B6D3362D488667009D8ECC /* Preview Assets.xcassets in Resources */ = {isa = PBXBuildFile; fileRef = 84B6D3352D488667009D8ECC /* Preview Assets.xcassets */; };
		84B6D3402D488668009D8ECC /* FetchTakeHomeProjectTests.swift in Sources */ = {isa = PBXBuildFile; fileRef = 84B6D33F2D488668009D8ECC /* FetchTakeHomeProjectTests.swift */; };
		84B6D34A2D488668009D8ECC /* FetchTakeHomeProjectUITests.swift in Sources */ = {isa = PBXBuildFile; fileRef = 84B6D3492D488668009D8ECC /* FetchTakeHomeProjectUITests.swift */; };
		84B6D34C2D488668009D8ECC /* FetchTakeHomeProjectUITestsLaunchTests.swift in Sources */ = {isa = PBXBuildFile; fileRef = 84B6D34B2D488668009D8ECC /* FetchTakeHomeProjectUITestsLaunchTests.swift */; };
		84B6D35A2D4887A3009D8ECC /* Recipe.swift in Sources */ = {isa = PBXBuildFile; fileRef = 84B6D3592D4887A3009D8ECC /* Recipe.swift */; };
		84B6D35D2D4B4FE7009D8ECC /* RecipeAPIService.swift in Sources */ = {isa = PBXBuildFile; fileRef = 84B6D35C2D4B4FE7009D8ECC /* RecipeAPIService.swift */; };
		84CB20F22D5ACCF200224EB8 /* RecipeViewModel.swift in Sources */ = {isa = PBXBuildFile; fileRef = 84CB20F12D5ACCF200224EB8 /* RecipeViewModel.swift */; };
		84CB20F42D5AE41000224EB8 /* ImageCacheManager.swift in Sources */ = {isa = PBXBuildFile; fileRef = 84CB20F32D5AE41000224EB8 /* ImageCacheManager.swift */; };
		84CB20F72D5AF2AB00224EB8 /* ImageLoader.swift in Sources */ = {isa = PBXBuildFile; fileRef = 84CB20F62D5AF2AB00224EB8 /* ImageLoader.swift */; };
/* End PBXBuildFile section */

/* Begin PBXContainerItemProxy section */
		84B6D33C2D488668009D8ECC /* PBXContainerItemProxy */ = {
			isa = PBXContainerItemProxy;
			containerPortal = 84B6D3232D488663009D8ECC /* Project object */;
			proxyType = 1;
			remoteGlobalIDString = 84B6D32A2D488664009D8ECC;
			remoteInfo = FetchTakeHomeProject;
		};
		84B6D3462D488668009D8ECC /* PBXContainerItemProxy */ = {
			isa = PBXContainerItemProxy;
			containerPortal = 84B6D3232D488663009D8ECC /* Project object */;
			proxyType = 1;
			remoteGlobalIDString = 84B6D32A2D488664009D8ECC;
			remoteInfo = FetchTakeHomeProject;
		};
/* End PBXContainerItemProxy section */

/* Begin PBXFileReference section */
		8446D2922D5AF79900631302 /* RecipeListView.swift */ = {isa = PBXFileReference; lastKnownFileType = sourcecode.swift; path = RecipeListView.swift; sourceTree = "<group>"; };
		84B0F6C42D820C7700BEA83D /* EmptyStateView.swift */ = {isa = PBXFileReference; fileEncoding = 4; lastKnownFileType = sourcecode.swift; path = EmptyStateView.swift; sourceTree = "<group>"; };
		84B0F6C52D820C7700BEA83D /* ErrorView.swift */ = {isa = PBXFileReference; fileEncoding = 4; lastKnownFileType = sourcecode.swift; path = ErrorView.swift; sourceTree = "<group>"; };
		84B6D32B2D488664009D8ECC /* FetchTakeHomeProject.app */ = {isa = PBXFileReference; explicitFileType = wrapper.application; includeInIndex = 0; path = FetchTakeHomeProject.app; sourceTree = BUILT_PRODUCTS_DIR; };
		84B6D32E2D488664009D8ECC /* FetchTakeHomeProjectApp.swift */ = {isa = PBXFileReference; lastKnownFileType = sourcecode.swift; path = FetchTakeHomeProjectApp.swift; sourceTree = "<group>"; };
		84B6D3302D488664009D8ECC /* RecipeItemView.swift */ = {isa = PBXFileReference; lastKnownFileType = sourcecode.swift; path = RecipeItemView.swift; sourceTree = "<group>"; };
		84B6D3322D488667009D8ECC /* Assets.xcassets */ = {isa = PBXFileReference; lastKnownFileType = folder.assetcatalog; path = Assets.xcassets; sourceTree = "<group>"; };
		84B6D3352D488667009D8ECC /* Preview Assets.xcassets */ = {isa = PBXFileReference; lastKnownFileType = folder.assetcatalog; path = "Preview Assets.xcassets"; sourceTree = "<group>"; };
		84B6D33B2D488668009D8ECC /* FetchTakeHomeProjectTests.xctest */ = {isa = PBXFileReference; explicitFileType = wrapper.cfbundle; includeInIndex = 0; path = FetchTakeHomeProjectTests.xctest; sourceTree = BUILT_PRODUCTS_DIR; };
		84B6D33F2D488668009D8ECC /* FetchTakeHomeProjectTests.swift */ = {isa = PBXFileReference; lastKnownFileType = sourcecode.swift; path = FetchTakeHomeProjectTests.swift; sourceTree = "<group>"; };
		84B6D3452D488668009D8ECC /* FetchTakeHomeProjectUITests.xctest */ = {isa = PBXFileReference; explicitFileType = wrapper.cfbundle; includeInIndex = 0; path = FetchTakeHomeProjectUITests.xctest; sourceTree = BUILT_PRODUCTS_DIR; };
		84B6D3492D488668009D8ECC /* FetchTakeHomeProjectUITests.swift */ = {isa = PBXFileReference; lastKnownFileType = sourcecode.swift; path = FetchTakeHomeProjectUITests.swift; sourceTree = "<group>"; };
		84B6D34B2D488668009D8ECC /* FetchTakeHomeProjectUITestsLaunchTests.swift */ = {isa = PBXFileReference; lastKnownFileType = sourcecode.swift; path = FetchTakeHomeProjectUITestsLaunchTests.swift; sourceTree = "<group>"; };
		84B6D3592D4887A3009D8ECC /* Recipe.swift */ = {isa = PBXFileReference; lastKnownFileType = sourcecode.swift; path = Recipe.swift; sourceTree = "<group>"; };
		84B6D35C2D4B4FE7009D8ECC /* RecipeAPIService.swift */ = {isa = PBXFileReference; lastKnownFileType = sourcecode.swift; path = RecipeAPIService.swift; sourceTree = "<group>"; };
		84CB20F12D5ACCF200224EB8 /* RecipeViewModel.swift */ = {isa = PBXFileReference; lastKnownFileType = sourcecode.swift; path = RecipeViewModel.swift; sourceTree = "<group>"; };
		84CB20F32D5AE41000224EB8 /* ImageCacheManager.swift */ = {isa = PBXFileReference; lastKnownFileType = sourcecode.swift; path = ImageCacheManager.swift; sourceTree = "<group>"; };
		84CB20F62D5AF2AB00224EB8 /* ImageLoader.swift */ = {isa = PBXFileReference; lastKnownFileType = sourcecode.swift; path = ImageLoader.swift; sourceTree = "<group>"; };
/* End PBXFileReference section */

/* Begin PBXFrameworksBuildPhase section */
		84B6D3282D488664009D8ECC /* Frameworks */ = {
			isa = PBXFrameworksBuildPhase;
			buildActionMask = 2147483647;
			files = (
			);
			runOnlyForDeploymentPostprocessing = 0;
		};
		84B6D3382D488668009D8ECC /* Frameworks */ = {
			isa = PBXFrameworksBuildPhase;
			buildActionMask = 2147483647;
			files = (
			);
			runOnlyForDeploymentPostprocessing = 0;
		};
		84B6D3422D488668009D8ECC /* Frameworks */ = {
			isa = PBXFrameworksBuildPhase;
			buildActionMask = 2147483647;
			files = (
			);
			runOnlyForDeploymentPostprocessing = 0;
		};
/* End PBXFrameworksBuildPhase section */

/* Begin PBXGroup section */
		84B0F6BF2D82001A00BEA83D /* Views */ = {
			isa = PBXGroup;
			children = (
				8446D2922D5AF79900631302 /* RecipeListView.swift */,
				84B6D3302D488664009D8ECC /* RecipeItemView.swift */,
				84B0F6C42D820C7700BEA83D /* EmptyStateView.swift */,
				84B0F6C52D820C7700BEA83D /* ErrorView.swift */,
			);
			path = Views;
			sourceTree = "<group>";
		};
		84B6D3222D488663009D8ECC = {
			isa = PBXGroup;
			children = (
				84B6D32D2D488664009D8ECC /* FetchTakeHomeProject */,
				84B6D33E2D488668009D8ECC /* FetchTakeHomeProjectTests */,
				84B6D3482D488668009D8ECC /* FetchTakeHomeProjectUITests */,
				84B6D32C2D488664009D8ECC /* Products */,
			);
			sourceTree = "<group>";
		};
		84B6D32C2D488664009D8ECC /* Products */ = {
			isa = PBXGroup;
			children = (
				84B6D32B2D488664009D8ECC /* FetchTakeHomeProject.app */,
				84B6D33B2D488668009D8ECC /* FetchTakeHomeProjectTests.xctest */,
				84B6D3452D488668009D8ECC /* FetchTakeHomeProjectUITests.xctest */,
			);
			name = Products;
			sourceTree = "<group>";
		};
		84B6D32D2D488664009D8ECC /* FetchTakeHomeProject */ = {
			isa = PBXGroup;
			children = (
				84B6D32E2D488664009D8ECC /* FetchTakeHomeProjectApp.swift */,
				84B0F6BF2D82001A00BEA83D /* Views */,
				84CB20F52D5AF1FA00224EB8 /* ViewModels */,
				84B6D35B2D4887CB009D8ECC /* Recipe */,
				84B6D3582D488755009D8ECC /* Services */,
				84B6D3322D488667009D8ECC /* Assets.xcassets */,
				84B6D3342D488667009D8ECC /* Preview Content */,
			);
			path = FetchTakeHomeProject;
			sourceTree = "<group>";
		};
		84B6D3342D488667009D8ECC /* Preview Content */ = {
			isa = PBXGroup;
			children = (
				84B6D3352D488667009D8ECC /* Preview Assets.xcassets */,
			);
			path = "Preview Content";
			sourceTree = "<group>";
		};
		84B6D33E2D488668009D8ECC /* FetchTakeHomeProjectTests */ = {
			isa = PBXGroup;
			children = (
				84B6D33F2D488668009D8ECC /* FetchTakeHomeProjectTests.swift */,
			);
			path = FetchTakeHomeProjectTests;
			sourceTree = "<group>";
		};
		84B6D3482D488668009D8ECC /* FetchTakeHomeProjectUITests */ = {
			isa = PBXGroup;
			children = (
				84B6D3492D488668009D8ECC /* FetchTakeHomeProjectUITests.swift */,
				84B6D34B2D488668009D8ECC /* FetchTakeHomeProjectUITestsLaunchTests.swift */,
			);
			path = FetchTakeHomeProjectUITests;
			sourceTree = "<group>";
		};
		84B6D3582D488755009D8ECC /* Services */ = {
			isa = PBXGroup;
			children = (
				84B6D35C2D4B4FE7009D8ECC /* RecipeAPIService.swift */,
				84CB20F32D5AE41000224EB8 /* ImageCacheManager.swift */,
			);
			path = Services;
			sourceTree = "<group>";
		};
		84B6D35B2D4887CB009D8ECC /* Recipe */ = {
			isa = PBXGroup;
			children = (
				84B6D3592D4887A3009D8ECC /* Recipe.swift */,
			);
			path = Recipe;
			sourceTree = "<group>";
		};
		84CB20F52D5AF1FA00224EB8 /* ViewModels */ = {
			isa = PBXGroup;
			children = (
				84CB20F12D5ACCF200224EB8 /* RecipeViewModel.swift */,
				84CB20F62D5AF2AB00224EB8 /* ImageLoader.swift */,
			);
			path = ViewModels;
			sourceTree = "<group>";
		};
/* End PBXGroup section */

/* Begin PBXNativeTarget section */
		84B6D32A2D488664009D8ECC /* FetchTakeHomeProject */ = {
			isa = PBXNativeTarget;
			buildConfigurationList = 84B6D34F2D488668009D8ECC /* Build configuration list for PBXNativeTarget "FetchTakeHomeProject" */;
			buildPhases = (
				84B6D3272D488664009D8ECC /* Sources */,
				84B6D3282D488664009D8ECC /* Frameworks */,
				84B6D3292D488664009D8ECC /* Resources */,
			);
			buildRules = (
			);
			dependencies = (
			);
			name = FetchTakeHomeProject;
			productName = FetchTakeHomeProject;
			productReference = 84B6D32B2D488664009D8ECC /* FetchTakeHomeProject.app */;
			productType = "com.apple.product-type.application";
		};
		84B6D33A2D488668009D8ECC /* FetchTakeHomeProjectTests */ = {
			isa = PBXNativeTarget;
			buildConfigurationList = 84B6D3522D488668009D8ECC /* Build configuration list for PBXNativeTarget "FetchTakeHomeProjectTests" */;
			buildPhases = (
				84B6D3372D488668009D8ECC /* Sources */,
				84B6D3382D488668009D8ECC /* Frameworks */,
				84B6D3392D488668009D8ECC /* Resources */,
			);
			buildRules = (
			);
			dependencies = (
				84B6D33D2D488668009D8ECC /* PBXTargetDependency */,
			);
			name = FetchTakeHomeProjectTests;
			productName = FetchTakeHomeProjectTests;
			productReference = 84B6D33B2D488668009D8ECC /* FetchTakeHomeProjectTests.xctest */;
			productType = "com.apple.product-type.bundle.unit-test";
		};
		84B6D3442D488668009D8ECC /* FetchTakeHomeProjectUITests */ = {
			isa = PBXNativeTarget;
			buildConfigurationList = 84B6D3552D488668009D8ECC /* Build configuration list for PBXNativeTarget "FetchTakeHomeProjectUITests" */;
			buildPhases = (
				84B6D3412D488668009D8ECC /* Sources */,
				84B6D3422D488668009D8ECC /* Frameworks */,
				84B6D3432D488668009D8ECC /* Resources */,
			);
			buildRules = (
			);
			dependencies = (
				84B6D3472D488668009D8ECC /* PBXTargetDependency */,
			);
			name = FetchTakeHomeProjectUITests;
			productName = FetchTakeHomeProjectUITests;
			productReference = 84B6D3452D488668009D8ECC /* FetchTakeHomeProjectUITests.xctest */;
			productType = "com.apple.product-type.bundle.ui-testing";
		};
/* End PBXNativeTarget section */

/* Begin PBXProject section */
		84B6D3232D488663009D8ECC /* Project object */ = {
			isa = PBXProject;
			attributes = {
				BuildIndependentTargetsInParallel = 1;
				LastSwiftUpdateCheck = 1420;
				LastUpgradeCheck = 1420;
				TargetAttributes = {
					84B6D32A2D488664009D8ECC = {
						CreatedOnToolsVersion = 14.2;
					};
					84B6D33A2D488668009D8ECC = {
						CreatedOnToolsVersion = 14.2;
						TestTargetID = 84B6D32A2D488664009D8ECC;
					};
					84B6D3442D488668009D8ECC = {
						CreatedOnToolsVersion = 14.2;
						TestTargetID = 84B6D32A2D488664009D8ECC;
					};
				};
			};
			buildConfigurationList = 84B6D3262D488664009D8ECC /* Build configuration list for PBXProject "FetchTakeHomeProject" */;
			compatibilityVersion = "Xcode 14.0";
			developmentRegion = en;
			hasScannedForEncodings = 0;
			knownRegions = (
				en,
				Base,
			);
			mainGroup = 84B6D3222D488663009D8ECC;
			productRefGroup = 84B6D32C2D488664009D8ECC /* Products */;
			projectDirPath = "";
			projectRoot = "";
			targets = (
				84B6D32A2D488664009D8ECC /* FetchTakeHomeProject */,
				84B6D33A2D488668009D8ECC /* FetchTakeHomeProjectTests */,
				84B6D3442D488668009D8ECC /* FetchTakeHomeProjectUITests */,
			);
		};
/* End PBXProject section */

/* Begin PBXResourcesBuildPhase section */
		84B6D3292D488664009D8ECC /* Resources */ = {
			isa = PBXResourcesBuildPhase;
			buildActionMask = 2147483647;
			files = (
				84B6D3362D488667009D8ECC /* Preview Assets.xcassets in Resources */,
				84B6D3332D488667009D8ECC /* Assets.xcassets in Resources */,
			);
			runOnlyForDeploymentPostprocessing = 0;
		};
		84B6D3392D488668009D8ECC /* Resources */ = {
			isa = PBXResourcesBuildPhase;
			buildActionMask = 2147483647;
			files = (
			);
			runOnlyForDeploymentPostprocessing = 0;
		};
		84B6D3432D488668009D8ECC /* Resources */ = {
			isa = PBXResourcesBuildPhase;
			buildActionMask = 2147483647;
			files = (
			);
			runOnlyForDeploymentPostprocessing = 0;
		};
/* End PBXResourcesBuildPhase section */

/* Begin PBXSourcesBuildPhase section */
		84B6D3272D488664009D8ECC /* Sources */ = {
			isa = PBXSourcesBuildPhase;
			buildActionMask = 2147483647;
			files = (
				84CB20F72D5AF2AB00224EB8 /* ImageLoader.swift in Sources */,
				84B6D35A2D4887A3009D8ECC /* Recipe.swift in Sources */,
				84B6D3312D488664009D8ECC /* RecipeItemView.swift in Sources */,
				84CB20F42D5AE41000224EB8 /* ImageCacheManager.swift in Sources */,
				84B6D35D2D4B4FE7009D8ECC /* RecipeAPIService.swift in Sources */,
				84CB20F22D5ACCF200224EB8 /* RecipeViewModel.swift in Sources */,
				84B0F6C72D820C7700BEA83D /* ErrorView.swift in Sources */,
				8446D2932D5AF79900631302 /* RecipeListView.swift in Sources */,
				84B6D32F2D488664009D8ECC /* FetchTakeHomeProjectApp.swift in Sources */,
				84B0F6C62D820C7700BEA83D /* EmptyStateView.swift in Sources */,
			);
			runOnlyForDeploymentPostprocessing = 0;
		};
		84B6D3372D488668009D8ECC /* Sources */ = {
			isa = PBXSourcesBuildPhase;
			buildActionMask = 2147483647;
			files = (
				84B6D3402D488668009D8ECC /* FetchTakeHomeProjectTests.swift in Sources */,
			);
			runOnlyForDeploymentPostprocessing = 0;
		};
		84B6D3412D488668009D8ECC /* Sources */ = {
			isa = PBXSourcesBuildPhase;
			buildActionMask = 2147483647;
			files = (
				84B6D34A2D488668009D8ECC /* FetchTakeHomeProjectUITests.swift in Sources */,
				84B6D34C2D488668009D8ECC /* FetchTakeHomeProjectUITestsLaunchTests.swift in Sources */,
			);
			runOnlyForDeploymentPostprocessing = 0;
		};
/* End PBXSourcesBuildPhase section */

/* Begin PBXTargetDependency section */
		84B6D33D2D488668009D8ECC /* PBXTargetDependency */ = {
			isa = PBXTargetDependency;
			target = 84B6D32A2D488664009D8ECC /* FetchTakeHomeProject */;
			targetProxy = 84B6D33C2D488668009D8ECC /* PBXContainerItemProxy */;
		};
		84B6D3472D488668009D8ECC /* PBXTargetDependency */ = {
			isa = PBXTargetDependency;
			target = 84B6D32A2D488664009D8ECC /* FetchTakeHomeProject */;
			targetProxy = 84B6D3462D488668009D8ECC /* PBXContainerItemProxy */;
		};
/* End PBXTargetDependency section */

/* Begin XCBuildConfiguration section */
		84B6D34D2D488668009D8ECC /* Debug */ = {
			isa = XCBuildConfiguration;
			buildSettings = {
				ALWAYS_SEARCH_USER_PATHS = NO;
				CLANG_ANALYZER_NONNULL = YES;
				CLANG_ANALYZER_NUMBER_OBJECT_CONVERSION = YES_AGGRESSIVE;
				CLANG_CXX_LANGUAGE_STANDARD = "gnu++20";
				CLANG_ENABLE_MODULES = YES;
				CLANG_ENABLE_OBJC_ARC = YES;
				CLANG_ENABLE_OBJC_WEAK = YES;
				CLANG_WARN_BLOCK_CAPTURE_AUTORELEASING = YES;
				CLANG_WARN_BOOL_CONVERSION = YES;
				CLANG_WARN_COMMA = YES;
				CLANG_WARN_CONSTANT_CONVERSION = YES;
				CLANG_WARN_DEPRECATED_OBJC_IMPLEMENTATIONS = YES;
				CLANG_WARN_DIRECT_OBJC_ISA_USAGE = YES_ERROR;
				CLANG_WARN_DOCUMENTATION_COMMENTS = YES;
				CLANG_WARN_EMPTY_BODY = YES;
				CLANG_WARN_ENUM_CONVERSION = YES;
				CLANG_WARN_INFINITE_RECURSION = YES;
				CLANG_WARN_INT_CONVERSION = YES;
				CLANG_WARN_NON_LITERAL_NULL_CONVERSION = YES;
				CLANG_WARN_OBJC_IMPLICIT_RETAIN_SELF = YES;
				CLANG_WARN_OBJC_LITERAL_CONVERSION = YES;
				CLANG_WARN_OBJC_ROOT_CLASS = YES_ERROR;
				CLANG_WARN_QUOTED_INCLUDE_IN_FRAMEWORK_HEADER = YES;
				CLANG_WARN_RANGE_LOOP_ANALYSIS = YES;
				CLANG_WARN_STRICT_PROTOTYPES = YES;
				CLANG_WARN_SUSPICIOUS_MOVE = YES;
				CLANG_WARN_UNGUARDED_AVAILABILITY = YES_AGGRESSIVE;
				CLANG_WARN_UNREACHABLE_CODE = YES;
				CLANG_WARN__DUPLICATE_METHOD_MATCH = YES;
				COPY_PHASE_STRIP = NO;
				DEBUG_INFORMATION_FORMAT = dwarf;
				ENABLE_STRICT_OBJC_MSGSEND = YES;
				ENABLE_TESTABILITY = YES;
				GCC_C_LANGUAGE_STANDARD = gnu11;
				GCC_DYNAMIC_NO_PIC = NO;
				GCC_NO_COMMON_BLOCKS = YES;
				GCC_OPTIMIZATION_LEVEL = 0;
				GCC_PREPROCESSOR_DEFINITIONS = (
					"DEBUG=1",
					"$(inherited)",
				);
				GCC_WARN_64_TO_32_BIT_CONVERSION = YES;
				GCC_WARN_ABOUT_RETURN_TYPE = YES_ERROR;
				GCC_WARN_UNDECLARED_SELECTOR = YES;
				GCC_WARN_UNINITIALIZED_AUTOS = YES_AGGRESSIVE;
				GCC_WARN_UNUSED_FUNCTION = YES;
				GCC_WARN_UNUSED_VARIABLE = YES;
				IPHONEOS_DEPLOYMENT_TARGET = 16.2;
				MTL_ENABLE_DEBUG_INFO = INCLUDE_SOURCE;
				MTL_FAST_MATH = YES;
				ONLY_ACTIVE_ARCH = YES;
				SDKROOT = iphoneos;
				SWIFT_ACTIVE_COMPILATION_CONDITIONS = DEBUG;
				SWIFT_OPTIMIZATION_LEVEL = "-Onone";
			};
			name = Debug;
		};
		84B6D34E2D488668009D8ECC /* Release */ = {
			isa = XCBuildConfiguration;
			buildSettings = {
				ALWAYS_SEARCH_USER_PATHS = NO;
				CLANG_ANALYZER_NONNULL = YES;
				CLANG_ANALYZER_NUMBER_OBJECT_CONVERSION = YES_AGGRESSIVE;
				CLANG_CXX_LANGUAGE_STANDARD = "gnu++20";
				CLANG_ENABLE_MODULES = YES;
				CLANG_ENABLE_OBJC_ARC = YES;
				CLANG_ENABLE_OBJC_WEAK = YES;
				CLANG_WARN_BLOCK_CAPTURE_AUTORELEASING = YES;
				CLANG_WARN_BOOL_CONVERSION = YES;
				CLANG_WARN_COMMA = YES;
				CLANG_WARN_CONSTANT_CONVERSION = YES;
				CLANG_WARN_DEPRECATED_OBJC_IMPLEMENTATIONS = YES;
				CLANG_WARN_DIRECT_OBJC_ISA_USAGE = YES_ERROR;
				CLANG_WARN_DOCUMENTATION_COMMENTS = YES;
				CLANG_WARN_EMPTY_BODY = YES;
				CLANG_WARN_ENUM_CONVERSION = YES;
				CLANG_WARN_INFINITE_RECURSION = YES;
				CLANG_WARN_INT_CONVERSION = YES;
				CLANG_WARN_NON_LITERAL_NULL_CONVERSION = YES;
				CLANG_WARN_OBJC_IMPLICIT_RETAIN_SELF = YES;
				CLANG_WARN_OBJC_LITERAL_CONVERSION = YES;
				CLANG_WARN_OBJC_ROOT_CLASS = YES_ERROR;
				CLANG_WARN_QUOTED_INCLUDE_IN_FRAMEWORK_HEADER = YES;
				CLANG_WARN_RANGE_LOOP_ANALYSIS = YES;
				CLANG_WARN_STRICT_PROTOTYPES = YES;
				CLANG_WARN_SUSPICIOUS_MOVE = YES;
				CLANG_WARN_UNGUARDED_AVAILABILITY = YES_AGGRESSIVE;
				CLANG_WARN_UNREACHABLE_CODE = YES;
				CLANG_WARN__DUPLICATE_METHOD_MATCH = YES;
				COPY_PHASE_STRIP = NO;
				DEBUG_INFORMATION_FORMAT = "dwarf-with-dsym";
				ENABLE_NS_ASSERTIONS = NO;
				ENABLE_STRICT_OBJC_MSGSEND = YES;
				GCC_C_LANGUAGE_STANDARD = gnu11;
				GCC_NO_COMMON_BLOCKS = YES;
				GCC_WARN_64_TO_32_BIT_CONVERSION = YES;
				GCC_WARN_ABOUT_RETURN_TYPE = YES_ERROR;
				GCC_WARN_UNDECLARED_SELECTOR = YES;
				GCC_WARN_UNINITIALIZED_AUTOS = YES_AGGRESSIVE;
				GCC_WARN_UNUSED_FUNCTION = YES;
				GCC_WARN_UNUSED_VARIABLE = YES;
				IPHONEOS_DEPLOYMENT_TARGET = 16.2;
				MTL_ENABLE_DEBUG_INFO = NO;
				MTL_FAST_MATH = YES;
				SDKROOT = iphoneos;
				SWIFT_COMPILATION_MODE = wholemodule;
				SWIFT_OPTIMIZATION_LEVEL = "-O";
				VALIDATE_PRODUCT = YES;
			};
			name = Release;
		};
		84B6D3502D488668009D8ECC /* Debug */ = {
			isa = XCBuildConfiguration;
			buildSettings = {
				ASSETCATALOG_COMPILER_APPICON_NAME = AppIcon;
				ASSETCATALOG_COMPILER_GLOBAL_ACCENT_COLOR_NAME = AccentColor;
				CODE_SIGN_STYLE = Automatic;
				CURRENT_PROJECT_VERSION = 1;
				DEVELOPMENT_ASSET_PATHS = "\"FetchTakeHomeProject/Preview Content\"";
				DEVELOPMENT_TEAM = 7N78DM3797;
				ENABLE_PREVIEWS = YES;
				GENERATE_INFOPLIST_FILE = YES;
				INFOPLIST_KEY_UIApplicationSceneManifest_Generation = YES;
				INFOPLIST_KEY_UIApplicationSupportsIndirectInputEvents = YES;
				INFOPLIST_KEY_UILaunchScreen_Generation = YES;
				INFOPLIST_KEY_UISupportedInterfaceOrientations_iPad = "UIInterfaceOrientationPortrait UIInterfaceOrientationPortraitUpsideDown UIInterfaceOrientationLandscapeLeft UIInterfaceOrientationLandscapeRight";
				INFOPLIST_KEY_UISupportedInterfaceOrientations_iPhone = "UIInterfaceOrientationPortrait UIInterfaceOrientationLandscapeLeft UIInterfaceOrientationLandscapeRight";
				LD_RUNPATH_SEARCH_PATHS = (
					"$(inherited)",
					"@executable_path/Frameworks",
				);
				MARKETING_VERSION = 1.0;
				PRODUCT_BUNDLE_IDENTIFIER = jvcugonabo.ca.FetchTakeHomeProject;
				PRODUCT_NAME = "$(TARGET_NAME)";
				SWIFT_EMIT_LOC_STRINGS = YES;
				SWIFT_VERSION = 5.0;
				TARGETED_DEVICE_FAMILY = "1,2";
			};
			name = Debug;
		};
		84B6D3512D488668009D8ECC /* Release */ = {
			isa = XCBuildConfiguration;
			buildSettings = {
				ASSETCATALOG_COMPILER_APPICON_NAME = AppIcon;
				ASSETCATALOG_COMPILER_GLOBAL_ACCENT_COLOR_NAME = AccentColor;
				CODE_SIGN_STYLE = Automatic;
				CURRENT_PROJECT_VERSION = 1;
				DEVELOPMENT_ASSET_PATHS = "\"FetchTakeHomeProject/Preview Content\"";
				DEVELOPMENT_TEAM = 7N78DM3797;
				ENABLE_PREVIEWS = YES;
				GENERATE_INFOPLIST_FILE = YES;
				INFOPLIST_KEY_UIApplicationSceneManifest_Generation = YES;
				INFOPLIST_KEY_UIApplicationSupportsIndirectInputEvents = YES;
				INFOPLIST_KEY_UILaunchScreen_Generation = YES;
				INFOPLIST_KEY_UISupportedInterfaceOrientations_iPad = "UIInterfaceOrientationPortrait UIInterfaceOrientationPortraitUpsideDown UIInterfaceOrientationLandscapeLeft UIInterfaceOrientationLandscapeRight";
				INFOPLIST_KEY_UISupportedInterfaceOrientations_iPhone = "UIInterfaceOrientationPortrait UIInterfaceOrientationLandscapeLeft UIInterfaceOrientationLandscapeRight";
				LD_RUNPATH_SEARCH_PATHS = (
					"$(inherited)",
					"@executable_path/Frameworks",
				);
				MARKETING_VERSION = 1.0;
				PRODUCT_BUNDLE_IDENTIFIER = jvcugonabo.ca.FetchTakeHomeProject;
				PRODUCT_NAME = "$(TARGET_NAME)";
				SWIFT_EMIT_LOC_STRINGS = YES;
				SWIFT_VERSION = 5.0;
				TARGETED_DEVICE_FAMILY = "1,2";
			};
			name = Release;
		};
		84B6D3532D488668009D8ECC /* Debug */ = {
			isa = XCBuildConfiguration;
			buildSettings = {
				ALWAYS_EMBED_SWIFT_STANDARD_LIBRARIES = YES;
				BUNDLE_LOADER = "$(TEST_HOST)";
				CODE_SIGN_STYLE = Automatic;
				CURRENT_PROJECT_VERSION = 1;
				DEVELOPMENT_TEAM = 7N78DM3797;
				GENERATE_INFOPLIST_FILE = YES;
				IPHONEOS_DEPLOYMENT_TARGET = 16.2;
				MARKETING_VERSION = 1.0;
				PRODUCT_BUNDLE_IDENTIFIER = jvcugonabo.ca.FetchTakeHomeProjectTests;
				PRODUCT_NAME = "$(TARGET_NAME)";
				SWIFT_EMIT_LOC_STRINGS = NO;
				SWIFT_VERSION = 5.0;
				TARGETED_DEVICE_FAMILY = "1,2";
				TEST_HOST = "$(BUILT_PRODUCTS_DIR)/FetchTakeHomeProject.app/$(BUNDLE_EXECUTABLE_FOLDER_PATH)/FetchTakeHomeProject";
			};
			name = Debug;
		};
		84B6D3542D488668009D8ECC /* Release */ = {
			isa = XCBuildConfiguration;
			buildSettings = {
				ALWAYS_EMBED_SWIFT_STANDARD_LIBRARIES = YES;
				BUNDLE_LOADER = "$(TEST_HOST)";
				CODE_SIGN_STYLE = Automatic;
				CURRENT_PROJECT_VERSION = 1;
				DEVELOPMENT_TEAM = 7N78DM3797;
				GENERATE_INFOPLIST_FILE = YES;
				IPHONEOS_DEPLOYMENT_TARGET = 16.2;
				MARKETING_VERSION = 1.0;
				PRODUCT_BUNDLE_IDENTIFIER = jvcugonabo.ca.FetchTakeHomeProjectTests;
				PRODUCT_NAME = "$(TARGET_NAME)";
				SWIFT_EMIT_LOC_STRINGS = NO;
				SWIFT_VERSION = 5.0;
				TARGETED_DEVICE_FAMILY = "1,2";
				TEST_HOST = "$(BUILT_PRODUCTS_DIR)/FetchTakeHomeProject.app/$(BUNDLE_EXECUTABLE_FOLDER_PATH)/FetchTakeHomeProject";
			};
			name = Release;
		};
		84B6D3562D488668009D8ECC /* Debug */ = {
			isa = XCBuildConfiguration;
			buildSettings = {
				ALWAYS_EMBED_SWIFT_STANDARD_LIBRARIES = YES;
				CODE_SIGN_STYLE = Automatic;
				CURRENT_PROJECT_VERSION = 1;
				DEVELOPMENT_TEAM = 7N78DM3797;
				GENERATE_INFOPLIST_FILE = YES;
				MARKETING_VERSION = 1.0;
				PRODUCT_BUNDLE_IDENTIFIER = jvcugonabo.ca.FetchTakeHomeProjectUITests;
				PRODUCT_NAME = "$(TARGET_NAME)";
				SWIFT_EMIT_LOC_STRINGS = NO;
				SWIFT_VERSION = 5.0;
				TARGETED_DEVICE_FAMILY = "1,2";
				TEST_TARGET_NAME = FetchTakeHomeProject;
			};
			name = Debug;
		};
		84B6D3572D488668009D8ECC /* Release */ = {
			isa = XCBuildConfiguration;
			buildSettings = {
				ALWAYS_EMBED_SWIFT_STANDARD_LIBRARIES = YES;
				CODE_SIGN_STYLE = Automatic;
				CURRENT_PROJECT_VERSION = 1;
				DEVELOPMENT_TEAM = 7N78DM3797;
				GENERATE_INFOPLIST_FILE = YES;
				MARKETING_VERSION = 1.0;
				PRODUCT_BUNDLE_IDENTIFIER = jvcugonabo.ca.FetchTakeHomeProjectUITests;
				PRODUCT_NAME = "$(TARGET_NAME)";
				SWIFT_EMIT_LOC_STRINGS = NO;
				SWIFT_VERSION = 5.0;
				TARGETED_DEVICE_FAMILY = "1,2";
				TEST_TARGET_NAME = FetchTakeHomeProject;
			};
			name = Release;
		};
/* End XCBuildConfiguration section */

/* Begin XCConfigurationList section */
		84B6D3262D488664009D8ECC /* Build configuration list for PBXProject "FetchTakeHomeProject" */ = {
			isa = XCConfigurationList;
			buildConfigurations = (
				84B6D34D2D488668009D8ECC /* Debug */,
				84B6D34E2D488668009D8ECC /* Release */,
			);
			defaultConfigurationIsVisible = 0;
			defaultConfigurationName = Release;
		};
		84B6D34F2D488668009D8ECC /* Build configuration list for PBXNativeTarget "FetchTakeHomeProject" */ = {
			isa = XCConfigurationList;
			buildConfigurations = (
				84B6D3502D488668009D8ECC /* Debug */,
				84B6D3512D488668009D8ECC /* Release */,
			);
			defaultConfigurationIsVisible = 0;
			defaultConfigurationName = Release;
		};
		84B6D3522D488668009D8ECC /* Build configuration list for PBXNativeTarget "FetchTakeHomeProjectTests" */ = {
			isa = XCConfigurationList;
			buildConfigurations = (
				84B6D3532D488668009D8ECC /* Debug */,
				84B6D3542D488668009D8ECC /* Release */,
			);
			defaultConfigurationIsVisible = 0;
			defaultConfigurationName = Release;
		};
		84B6D3552D488668009D8ECC /* Build configuration list for PBXNativeTarget "FetchTakeHomeProjectUITests" */ = {
			isa = XCConfigurationList;
			buildConfigurations = (
				84B6D3562D488668009D8ECC /* Debug */,
				84B6D3572D488668009D8ECC /* Release */,
			);
			defaultConfigurationIsVisible = 0;
			defaultConfigurationName = Release;
		};
/* End XCConfigurationList section */
	};
	rootObject = 84B6D3232D488663009D8ECC /* Project object */;
}
